
Microsoft Visual Studio Solution File, Format Version 12.00
# Visual Studio Version 16
VisualStudioVersion = 16.0.30804.86
MinimumVisualStudioVersion = 10.0.40219.1
Project("{9A19103F-16F7-4668-BE54-9A1E7A4F7556}") = "Horoko.InventoryManagment.Console", "Horoko.InventoryManagment.Console\Horoko.InventoryManagment.Console.csproj", "{5AAC0666-C627-4C61-9397-8011189ADDBA}"
EndProject
Project("{9A19103F-16F7-4668-BE54-9A1E7A4F7556}") = "Horoko.InventoryManagment.Database", "Horoko.InventoryManagment.Database\Horoko.InventoryManagment.Database.csproj", "{79FF2CDF-E8B5-45D1-98B4-986FAD8E11A1}"
EndProject
Project("{9A19103F-16F7-4668-BE54-9A1E7A4F7556}") = "Horoko.InventoryManagment.Services", "Horoko.InventoryManagment.Services\Horoko.InventoryManagment.Services.csproj", "{0C940147-1591-4CBF-970C-1312A652C198}"
EndProject
Project("{FAE04EC0-301F-11D3-BF4B-00C04F79EFBC}") = "TestingProject", "TestingProject\TestingProject.csproj", "{766A90CB-18B0-4E47-88CD-F34F32055013}"
EndProject
Global
	GlobalSection(SolutionConfigurationPlatforms) = preSolution
		Debug|Any CPU = Debug|Any CPU
		Release|Any CPU = Release|Any CPU
	EndGlobalSection
	GlobalSection(ProjectConfigurationPlatforms) = postSolution
		{5AAC0666-C627-4C61-9397-8011189ADDBA}.Debug|Any CPU.ActiveCfg = Debug|Any CPU
		{5AAC0666-C627-4C61-9397-8011189ADDBA}.Debug|Any CPU.Build.0 = Debug|Any CPU
		{5AAC0666-C627-4C61-9397-8011189ADDBA}.Release|Any CPU.ActiveCfg = Release|Any CPU
		{5AAC0666-C627-4C61-9397-8011189ADDBA}.Release|Any CPU.Build.0 = Release|Any CPU
		{79FF2CDF-E8B5-45D1-98B4-986FAD8E11A1}.Debug|Any CPU.ActiveCfg = Debug|Any CPU
		{79FF2CDF-E8B5-45D1-98B4-986FAD8E11A1}.Debug|Any CPU.Build.0 = Debug|Any CPU
		{79FF2CDF-E8B5-45D1-98B4-986FAD8E11A1}.Release|Any CPU.ActiveCfg = Release|Any CPU
		{79FF2CDF-E8B5-45D1-98B4-986FAD8E11A1}.Release|Any CPU.Build.0 = Release|Any CPU
		{0C940147-1591-4CBF-970C-1312A652C198}.Debug|Any CPU.ActiveCfg = Debug|Any CPU
		{0C940147-1591-4CBF-970C-1312A652C198}.Debug|Any CPU.Build.0 = Debug|Any CPU
		{0C940147-1591-4CBF-970C-1312A652C198}.Release|Any CPU.ActiveCfg = Release|Any CPU
		{0C940147-1591-4CBF-970C-1312A652C198}.Release|Any CPU.Build.0 = Release|Any CPU
		{766A90CB-18B0-4E47-88CD-F34F32055013}.Debug|Any CPU.ActiveCfg = Debug|Any CPU
		{766A90CB-18B0-4E47-88CD-F34F32055013}.Debug|Any CPU.Build.0 = Debug|Any CPU
		{766A90CB-18B0-4E47-88CD-F34F32055013}.Release|Any CPU.ActiveCfg = Release|Any CPU
		{766A90CB-18B0-4E47-88CD-F34F32055013}.Release|Any CPU.Build.0 = Release|Any CPU
	EndGlobalSection
	GlobalSection(SolutionProperties) = preSolution
		HideSolutionNode = FALSE
	EndGlobalSection
	GlobalSection(ExtensibilityGlobals) = postSolution
		SolutionGuid = {499EA734-AC6C-4390-9B10-54644429FCA7}
	EndGlobalSection
EndGlobal
